
Microsoft Visual Studio Solution File, Format Version 12.00
# Visual Studio 15
VisualStudioVersion = 15.0.28307.539
MinimumVisualStudioVersion = 10.0.40219.1
Project("{8BC9CEB8-8B4A-11D0-8D11-00A0C91BC942}") = "KDTree", "KDTree.vcxproj", "{9C471D37-34AA-454F-959A-C1463C8BEDC1}"
EndProject
Global
	GlobalSection(SolutionConfigurationPlatforms) = preSolution
		Debug|x64 = Debug|x64
		Debug|x86 = Debug|x86
		Release|x64 = Release|x64
		Release|x86 = Release|x86
	EndGlobalSection
	GlobalSection(ProjectConfigurationPlatforms) = postSolution
		{9C471D37-34AA-454F-959A-C1463C8BEDC1}.Debug|x64.ActiveCfg = Debug|x64
		{9C471D37-34AA-454F-959A-C1463C8BEDC1}.Debug|x64.Build.0 = Debug|x64
		{9C471D37-34AA-454F-959A-C1463C8BEDC1}.Debug|x86.ActiveCfg = Debug|Win32
		{9C471D37-34AA-454F-959A-C1463C8BEDC1}.Debug|x86.Build.0 = Debug|Win32
		{9C471D37-34AA-454F-959A-C1463C8BEDC1}.Release|x64.ActiveCfg = Release|x64
		{9C471D37-34AA-454F-959A-C1463C8BEDC1}.Release|x64.Build.0 = Release|x64
		{9C471D37-34AA-454F-959A-C1463C8BEDC1}.Release|x86.ActiveCfg = Release|Win32
		{9C471D37-34AA-454F-959A-C1463C8BEDC1}.Release|x86.Build.0 = Release|Win32
	EndGlobalSection
	GlobalSection(SolutionProperties) = preSolution
		HideSolutionNode = FALSE
	EndGlobalSection
	GlobalSection(ExtensibilityGlobals) = postSolution
		SolutionGuid = {F0B3FA6E-5A3F-489F-8DBD-B090BD08758F}
	EndGlobalSection
EndGlobal
